github.com/ashadi-cc/resemble/v2 v2.0.0-20220216085001-a238fc2d858c h1:5QGbzLQreclYdzLsrf9DimROZbxBJtTNynm0Iw34/ys=
github.com/ashadi-cc/resemble/v2 v2.0.0-20220216085001-a238fc2d858c/go.mod h1:TmxtNfp2a/SqvxS8NJSJaLuTpJY/oYsoaOcafcZUqBI=
github.com/pkg/errors v0.9.1 h1:FEBLx1zS214owpjy7qsBeixbURkuhQAwrK5UwLGTwt4=
github.com/pkg/errors v0.9.1/go.mod h1:bwawxfHBFNV+L2hUp1rHADufV3IMtnDRdf1r5NINEl0=
